
Microsoft Visual Studio Solution File, Format Version 12.00
# Visual Studio Version 17
VisualStudioVersion = 17.1.32228.430
MinimumVisualStudioVersion = 10.0.40219.1
Project("{FAE04EC0-301F-11D3-BF4B-00C04F79EFBC}") = "Abstract1", "Abstract1\Abstract1.csproj", "{CF5845A2-041B-4AAF-8730-D98342B107C3}"
EndProject
Global
	GlobalSection(SolutionConfigurationPlatforms) = preSolution
		Debug|Any CPU = Debug|Any CPU
		Release|Any CPU = Release|Any CPU
	EndGlobalSection
	GlobalSection(ProjectConfigurationPlatforms) = postSolution
		{CF5845A2-041B-4AAF-8730-D98342B107C3}.Debug|Any CPU.ActiveCfg = Debug|Any CPU
		{CF5845A2-041B-4AAF-8730-D98342B107C3}.Debug|Any CPU.Build.0 = Debug|Any CPU
		{CF5845A2-041B-4AAF-8730-D98342B107C3}.Release|Any CPU.ActiveCfg = Release|Any CPU
		{CF5845A2-041B-4AAF-8730-D98342B107C3}.Release|Any CPU.Build.0 = Release|Any CPU
	EndGlobalSection
	GlobalSection(SolutionProperties) = preSolution
		HideSolutionNode = FALSE
	EndGlobalSection
	GlobalSection(ExtensibilityGlobals) = postSolution
		SolutionGuid = {C6697E8C-33AA-4A22-AD8C-315278AA2388}
	EndGlobalSection
EndGlobal
